
Microsoft Visual Studio Solution File, Format Version 12.00
# Visual Studio 15
VisualStudioVersion = 15.0.27130.2010
MinimumVisualStudioVersion = 10.0.40219.1
Project("{FAE04EC0-301F-11D3-BF4B-00C04F79EFBC}") = "TumblrClient.Core", "src\TumblrClient.Core\TumblrClient.Core.csproj", "{CA79DA0D-D8D5-4E7E-A35E-205BB3A3E7B5}"
EndProject
Project("{FAE04EC0-301F-11D3-BF4B-00C04F79EFBC}") = "TumblrClient.Droid", "src\TumblrClient.Droid\TumblrClient.Droid.csproj", "{E3009301-5F84-4180-990F-CE9DA1FC68BA}"
EndProject
Project("{FAE04EC0-301F-11D3-BF4B-00C04F79EFBC}") = "TumblrClient.iOS", "src\TumblrClient.iOS\TumblrClient.iOS.csproj", "{7440EEB8-9C56-43DB-94D8-9D0D07BD7C9B}"
EndProject
Project("{FAE04EC0-301F-11D3-BF4B-00C04F79EFBC}") = "TumblrClient.Core.Test", "test\TumblrClient.Core.Test\TumblrClient.Core.Test.csproj", "{E68F7DF9-4B23-4E58-9B93-3149A5C80EC5}"
EndProject
Project("{2150E333-8FDC-42A3-9474-1A3956D46DE8}") = "Tests", "Tests", "{4AFECDF2-0380-4C13-86C0-68EFEEC484C1}"
EndProject
Project("{2150E333-8FDC-42A3-9474-1A3956D46DE8}") = "!Solution Items", "!Solution Items", "{97AEE133-D658-4EE0-A067-0E541A89B324}"
	ProjectSection(SolutionItems) = preProject
		.editorconfig = .editorconfig
	EndProjectSection
EndProject
Global
	GlobalSection(SolutionConfigurationPlatforms) = preSolution
		Debug|Any CPU = Debug|Any CPU
		Debug|ARM = Debug|ARM
		Debug|iPhone = Debug|iPhone
		Debug|iPhoneSimulator = Debug|iPhoneSimulator
		Debug|x64 = Debug|x64
		Debug|x86 = Debug|x86
		Release|Any CPU = Release|Any CPU
		Release|ARM = Release|ARM
		Release|iPhone = Release|iPhone
		Release|iPhoneSimulator = Release|iPhoneSimulator
		Release|x64 = Release|x64
		Release|x86 = Release|x86
	EndGlobalSection
	GlobalSection(ProjectConfigurationPlatforms) = postSolution
		{CA79DA0D-D8D5-4E7E-A35E-205BB3A3E7B5}.Debug|Any CPU.ActiveCfg = Debug|Any CPU
		{CA79DA0D-D8D5-4E7E-A35E-205BB3A3E7B5}.Debug|Any CPU.Build.0 = Debug|Any CPU
		{CA79DA0D-D8D5-4E7E-A35E-205BB3A3E7B5}.Debug|ARM.ActiveCfg = Debug|Any CPU
		{CA79DA0D-D8D5-4E7E-A35E-205BB3A3E7B5}.Debug|ARM.Build.0 = Debug|Any CPU
		{CA79DA0D-D8D5-4E7E-A35E-205BB3A3E7B5}.Debug|iPhone.ActiveCfg = Debug|Any CPU
		{CA79DA0D-D8D5-4E7E-A35E-205BB3A3E7B5}.Debug|iPhone.Build.0 = Debug|Any CPU
		{CA79DA0D-D8D5-4E7E-A35E-205BB3A3E7B5}.Debug|iPhoneSimulator.ActiveCfg = Debug|Any CPU
		{CA79DA0D-D8D5-4E7E-A35E-205BB3A3E7B5}.Debug|iPhoneSimulator.Build.0 = Debug|Any CPU
		{CA79DA0D-D8D5-4E7E-A35E-205BB3A3E7B5}.Debug|x64.ActiveCfg = Debug|Any CPU
		{CA79DA0D-D8D5-4E7E-A35E-205BB3A3E7B5}.Debug|x64.Build.0 = Debug|Any CPU
		{CA79DA0D-D8D5-4E7E-A35E-205BB3A3E7B5}.Debug|x86.ActiveCfg = Debug|Any CPU
		{CA79DA0D-D8D5-4E7E-A35E-205BB3A3E7B5}.Debug|x86.Build.0 = Debug|Any CPU
		{CA79DA0D-D8D5-4E7E-A35E-205BB3A3E7B5}.Release|Any CPU.ActiveCfg = Release|Any CPU
		{CA79DA0D-D8D5-4E7E-A35E-205BB3A3E7B5}.Release|Any CPU.Build.0 = Release|Any CPU
		{CA79DA0D-D8D5-4E7E-A35E-205BB3A3E7B5}.Release|ARM.ActiveCfg = Release|Any CPU
		{CA79DA0D-D8D5-4E7E-A35E-205BB3A3E7B5}.Release|ARM.Build.0 = Release|Any CPU
		{CA79DA0D-D8D5-4E7E-A35E-205BB3A3E7B5}.Release|iPhone.ActiveCfg = Release|Any CPU
		{CA79DA0D-D8D5-4E7E-A35E-205BB3A3E7B5}.Release|iPhone.Build.0 = Release|Any CPU
		{CA79DA0D-D8D5-4E7E-A35E-205BB3A3E7B5}.Release|iPhoneSimulator.ActiveCfg = Release|Any CPU
		{CA79DA0D-D8D5-4E7E-A35E-205BB3A3E7B5}.Release|iPhoneSimulator.Build.0 = Release|Any CPU
		{CA79DA0D-D8D5-4E7E-A35E-205BB3A3E7B5}.Release|x64.ActiveCfg = Release|Any CPU
		{CA79DA0D-D8D5-4E7E-A35E-205BB3A3E7B5}.Release|x64.Build.0 = Release|Any CPU
		{CA79DA0D-D8D5-4E7E-A35E-205BB3A3E7B5}.Release|x86.ActiveCfg = Release|Any CPU
		{CA79DA0D-D8D5-4E7E-A35E-205BB3A3E7B5}.Release|x86.Build.0 = Release|Any CPU
		{E3009301-5F84-4180-990F-CE9DA1FC68BA}.Debug|Any CPU.ActiveCfg = Debug|Any CPU
		{E3009301-5F84-4180-990F-CE9DA1FC68BA}.Debug|Any CPU.Build.0 = Debug|Any CPU
		{E3009301-5F84-4180-990F-CE9DA1FC68BA}.Debug|Any CPU.Deploy.0 = Debug|Any CPU
		{E3009301-5F84-4180-990F-CE9DA1FC68BA}.Debug|ARM.ActiveCfg = Debug|Any CPU
		{E3009301-5F84-4180-990F-CE9DA1FC68BA}.Debug|ARM.Build.0 = Debug|Any CPU
		{E3009301-5F84-4180-990F-CE9DA1FC68BA}.Debug|ARM.Deploy.0 = Debug|Any CPU
		{E3009301-5F84-4180-990F-CE9DA1FC68BA}.Debug|iPhone.ActiveCfg = Debug|Any CPU
		{E3009301-5F84-4180-990F-CE9DA1FC68BA}.Debug|iPhone.Build.0 = Debug|Any CPU
		{E3009301-5F84-4180-990F-CE9DA1FC68BA}.Debug|iPhone.Deploy.0 = Debug|Any CPU
		{E3009301-5F84-4180-990F-CE9DA1FC68BA}.Debug|iPhoneSimulator.ActiveCfg = Debug|Any CPU
		{E3009301-5F84-4180-990F-CE9DA1FC68BA}.Debug|iPhoneSimulator.Build.0 = Debug|Any CPU
		{E3009301-5F84-4180-990F-CE9DA1FC68BA}.Debug|iPhoneSimulator.Deploy.0 = Debug|Any CPU
		{E3009301-5F84-4180-990F-CE9DA1FC68BA}.Debug|x64.ActiveCfg = Debug|Any CPU
		{E3009301-5F84-4180-990F-CE9DA1FC68BA}.Debug|x64.Build.0 = Debug|Any CPU
		{E3009301-5F84-4180-990F-CE9DA1FC68BA}.Debug|x64.Deploy.0 = Debug|Any CPU
		{E3009301-5F84-4180-990F-CE9DA1FC68BA}.Debug|x86.ActiveCfg = Debug|Any CPU
		{E3009301-5F84-4180-990F-CE9DA1FC68BA}.Debug|x86.Build.0 = Debug|Any CPU
		{E3009301-5F84-4180-990F-CE9DA1FC68BA}.Debug|x86.Deploy.0 = Debug|Any CPU
		{E3009301-5F84-4180-990F-CE9DA1FC68BA}.Release|Any CPU.ActiveCfg = Release|Any CPU
		{E3009301-5F84-4180-990F-CE9DA1FC68BA}.Release|Any CPU.Build.0 = Release|Any CPU
		{E3009301-5F84-4180-990F-CE9DA1FC68BA}.Release|Any CPU.Deploy.0 = Release|Any CPU
		{E3009301-5F84-4180-990F-CE9DA1FC68BA}.Release|ARM.ActiveCfg = Release|Any CPU
		{E3009301-5F84-4180-990F-CE9DA1FC68BA}.Release|ARM.Build.0 = Release|Any CPU
		{E3009301-5F84-4180-990F-CE9DA1FC68BA}.Release|ARM.Deploy.0 = Release|Any CPU
		{E3009301-5F84-4180-990F-CE9DA1FC68BA}.Release|iPhone.ActiveCfg = Release|Any CPU
		{E3009301-5F84-4180-990F-CE9DA1FC68BA}.Release|iPhone.Build.0 = Release|Any CPU
		{E3009301-5F84-4180-990F-CE9DA1FC68BA}.Release|iPhone.Deploy.0 = Release|Any CPU
		{E3009301-5F84-4180-990F-CE9DA1FC68BA}.Release|iPhoneSimulator.ActiveCfg = Release|Any CPU
		{E3009301-5F84-4180-990F-CE9DA1FC68BA}.Release|iPhoneSimulator.Build.0 = Release|Any CPU
		{E3009301-5F84-4180-990F-CE9DA1FC68BA}.Release|iPhoneSimulator.Deploy.0 = Release|Any CPU
		{E3009301-5F84-4180-990F-CE9DA1FC68BA}.Release|x64.ActiveCfg = Release|Any CPU
		{E3009301-5F84-4180-990F-CE9DA1FC68BA}.Release|x64.Build.0 = Release|Any CPU
		{E3009301-5F84-4180-990F-CE9DA1FC68BA}.Release|x64.Deploy.0 = Release|Any CPU
		{E3009301-5F84-4180-990F-CE9DA1FC68BA}.Release|x86.ActiveCfg = Release|Any CPU
		{E3009301-5F84-4180-990F-CE9DA1FC68BA}.Release|x86.Build.0 = Release|Any CPU
		{E3009301-5F84-4180-990F-CE9DA1FC68BA}.Release|x86.Deploy.0 = Release|Any CPU
		{7440EEB8-9C56-43DB-94D8-9D0D07BD7C9B}.Debug|Any CPU.ActiveCfg = Debug|iPhone
		{7440EEB8-9C56-43DB-94D8-9D0D07BD7C9B}.Debug|Any CPU.Build.0 = Debug|iPhone
		{7440EEB8-9C56-43DB-94D8-9D0D07BD7C9B}.Debug|ARM.ActiveCfg = Debug|iPhone
		{7440EEB8-9C56-43DB-94D8-9D0D07BD7C9B}.Debug|iPhone.ActiveCfg = Debug|iPhone
		{7440EEB8-9C56-43DB-94D8-9D0D07BD7C9B}.Debug|iPhone.Build.0 = Debug|iPhone
		{7440EEB8-9C56-43DB-94D8-9D0D07BD7C9B}.Debug|iPhone.Deploy.0 = Debug|iPhone
		{7440EEB8-9C56-43DB-94D8-9D0D07BD7C9B}.Debug|iPhoneSimulator.ActiveCfg = Debug|iPhoneSimulator
		{7440EEB8-9C56-43DB-94D8-9D0D07BD7C9B}.Debug|iPhoneSimulator.Build.0 = Debug|iPhoneSimulator
		{7440EEB8-9C56-43DB-94D8-9D0D07BD7C9B}.Debug|iPhoneSimulator.Deploy.0 = Debug|iPhoneSimulator
		{7440EEB8-9C56-43DB-94D8-9D0D07BD7C9B}.Debug|x64.ActiveCfg = Debug|iPhone
		{7440EEB8-9C56-43DB-94D8-9D0D07BD7C9B}.Debug|x86.ActiveCfg = Debug|iPhone
		{7440EEB8-9C56-43DB-94D8-9D0D07BD7C9B}.Release|Any CPU.ActiveCfg = Release|iPhone
		{7440EEB8-9C56-43DB-94D8-9D0D07BD7C9B}.Release|ARM.ActiveCfg = Release|iPhone
		{7440EEB8-9C56-43DB-94D8-9D0D07BD7C9B}.Release|iPhone.ActiveCfg = Release|iPhone
		{7440EEB8-9C56-43DB-94D8-9D0D07BD7C9B}.Release|iPhone.Build.0 = Release|iPhone
		{7440EEB8-9C56-43DB-94D8-9D0D07BD7C9B}.Release|iPhone.Deploy.0 = Release|iPhone
		{7440EEB8-9C56-43DB-94D8-9D0D07BD7C9B}.Release|iPhoneSimulator.ActiveCfg = Release|iPhoneSimulator
		{7440EEB8-9C56-43DB-94D8-9D0D07BD7C9B}.Release|iPhoneSimulator.Build.0 = Release|iPhoneSimulator
		{7440EEB8-9C56-43DB-94D8-9D0D07BD7C9B}.Release|iPhoneSimulator.Deploy.0 = Release|iPhoneSimulator
		{7440EEB8-9C56-43DB-94D8-9D0D07BD7C9B}.Release|x64.ActiveCfg = Release|iPhone
		{7440EEB8-9C56-43DB-94D8-9D0D07BD7C9B}.Release|x86.ActiveCfg = Release|iPhone
		{E68F7DF9-4B23-4E58-9B93-3149A5C80EC5}.Debug|Any CPU.ActiveCfg = Debug|Any CPU
		{E68F7DF9-4B23-4E58-9B93-3149A5C80EC5}.Debug|Any CPU.Build.0 = Debug|Any CPU
		{E68F7DF9-4B23-4E58-9B93-3149A5C80EC5}.Debug|ARM.ActiveCfg = Debug|Any CPU
		{E68F7DF9-4B23-4E58-9B93-3149A5C80EC5}.Debug|ARM.Build.0 = Debug|Any CPU
		{E68F7DF9-4B23-4E58-9B93-3149A5C80EC5}.Debug|iPhone.ActiveCfg = Debug|Any CPU
		{E68F7DF9-4B23-4E58-9B93-3149A5C80EC5}.Debug|iPhone.Build.0 = Debug|Any CPU
		{E68F7DF9-4B23-4E58-9B93-3149A5C80EC5}.Debug|iPhoneSimulator.ActiveCfg = Debug|Any CPU
		{E68F7DF9-4B23-4E58-9B93-3149A5C80EC5}.Debug|iPhoneSimulator.Build.0 = Debug|Any CPU
		{E68F7DF9-4B23-4E58-9B93-3149A5C80EC5}.Debug|x64.ActiveCfg = Debug|Any CPU
		{E68F7DF9-4B23-4E58-9B93-3149A5C80EC5}.Debug|x64.Build.0 = Debug|Any CPU
		{E68F7DF9-4B23-4E58-9B93-3149A5C80EC5}.Debug|x86.ActiveCfg = Debug|Any CPU
		{E68F7DF9-4B23-4E58-9B93-3149A5C80EC5}.Debug|x86.Build.0 = Debug|Any CPU
		{E68F7DF9-4B23-4E58-9B93-3149A5C80EC5}.Release|Any CPU.ActiveCfg = Release|Any CPU
		{E68F7DF9-4B23-4E58-9B93-3149A5C80EC5}.Release|Any CPU.Build.0 = Release|Any CPU
		{E68F7DF9-4B23-4E58-9B93-3149A5C80EC5}.Release|ARM.ActiveCfg = Release|Any CPU
		{E68F7DF9-4B23-4E58-9B93-3149A5C80EC5}.Release|ARM.Build.0 = Release|Any CPU
		{E68F7DF9-4B23-4E58-9B93-3149A5C80EC5}.Release|iPhone.ActiveCfg = Release|Any CPU
		{E68F7DF9-4B23-4E58-9B93-3149A5C80EC5}.Release|iPhone.Build.0 = Release|Any CPU
		{E68F7DF9-4B23-4E58-9B93-3149A5C80EC5}.Release|iPhoneSimulator.ActiveCfg = Release|Any CPU
		{E68F7DF9-4B23-4E58-9B93-3149A5C80EC5}.Release|iPhoneSimulator.Build.0 = Release|Any CPU
		{E68F7DF9-4B23-4E58-9B93-3149A5C80EC5}.Release|x64.ActiveCfg = Release|Any CPU
		{E68F7DF9-4B23-4E58-9B93-3149A5C80EC5}.Release|x64.Build.0 = Release|Any CPU
		{E68F7DF9-4B23-4E58-9B93-3149A5C80EC5}.Release|x86.ActiveCfg = Release|Any CPU
		{E68F7DF9-4B23-4E58-9B93-3149A5C80EC5}.Release|x86.Build.0 = Release|Any CPU
	EndGlobalSection
	GlobalSection(SolutionProperties) = preSolution
		HideSolutionNode = FALSE
	EndGlobalSection
	GlobalSection(NestedProjects) = preSolution
		{E68F7DF9-4B23-4E58-9B93-3149A5C80EC5} = {4AFECDF2-0380-4C13-86C0-68EFEEC484C1}
	EndGlobalSection
	GlobalSection(ExtensibilityGlobals) = postSolution
		SolutionGuid = {C5F932D4-D6A8-4CB2-809F-5F8CFE1A0F62}
	EndGlobalSection
EndGlobal
